// !$*UTF8*$!
{
	archiveVersion = 1;
	classes = {
	};
	objectVersion = 50;
	objects = {

/* Begin PBXBuildFile section */
		5025FE8B2355F6970046261E /* User.swift in Sources */ = {isa = PBXBuildFile; fileRef = 5025FE8A2355F6970046261E /* User.swift */; };
		5025FE8E2355FAE70046261E /* APIController.swift in Sources */ = {isa = PBXBuildFile; fileRef = 5025FE8D2355FAE70046261E /* APIController.swift */; };
		5025FE902355FC6A0046261E /* APIIntraDelegate.swift in Sources */ = {isa = PBXBuildFile; fileRef = 5025FE8F2355FC6A0046261E /* APIIntraDelegate.swift */; };
		E3D885902353278A00CCEC92 /* AppDelegate.swift in Sources */ = {isa = PBXBuildFile; fileRef = E3D8858F2353278A00CCEC92 /* AppDelegate.swift */; };
		E3D885922353278A00CCEC92 /* SceneDelegate.swift in Sources */ = {isa = PBXBuildFile; fileRef = E3D885912353278A00CCEC92 /* SceneDelegate.swift */; };
		E3D885942353278A00CCEC92 /* ViewController.swift in Sources */ = {isa = PBXBuildFile; fileRef = E3D885932353278A00CCEC92 /* ViewController.swift */; };
		E3D885972353278A00CCEC92 /* Main.storyboard in Resources */ = {isa = PBXBuildFile; fileRef = E3D885952353278A00CCEC92 /* Main.storyboard */; };
		E3D885992353278E00CCEC92 /* Assets.xcassets in Resources */ = {isa = PBXBuildFile; fileRef = E3D885982353278E00CCEC92 /* Assets.xcassets */; };
		E3D8859C2353278E00CCEC92 /* LaunchScreen.storyboard in Resources */ = {isa = PBXBuildFile; fileRef = E3D8859A2353278E00CCEC92 /* LaunchScreen.storyboard */; };
/* End PBXBuildFile section */

/* Begin PBXFileReference section */
		5025FE8A2355F6970046261E /* User.swift */ = {isa = PBXFileReference; lastKnownFileType = sourcecode.swift; path = User.swift; sourceTree = "<group>"; };
		5025FE8D2355FAE70046261E /* APIController.swift */ = {isa = PBXFileReference; lastKnownFileType = sourcecode.swift; path = APIController.swift; sourceTree = "<group>"; };
		5025FE8F2355FC6A0046261E /* APIIntraDelegate.swift */ = {isa = PBXFileReference; lastKnownFileType = sourcecode.swift; path = APIIntraDelegate.swift; sourceTree = "<group>"; };
		E3D8858C2353278A00CCEC92 /* rush00.app */ = {isa = PBXFileReference; explicitFileType = wrapper.application; includeInIndex = 0; path = rush00.app; sourceTree = BUILT_PRODUCTS_DIR; };
		E3D8858F2353278A00CCEC92 /* AppDelegate.swift */ = {isa = PBXFileReference; lastKnownFileType = sourcecode.swift; path = AppDelegate.swift; sourceTree = "<group>"; };
		E3D885912353278A00CCEC92 /* SceneDelegate.swift */ = {isa = PBXFileReference; lastKnownFileType = sourcecode.swift; path = SceneDelegate.swift; sourceTree = "<group>"; };
		E3D885932353278A00CCEC92 /* ViewController.swift */ = {isa = PBXFileReference; lastKnownFileType = sourcecode.swift; path = ViewController.swift; sourceTree = "<group>"; };
		E3D885962353278A00CCEC92 /* Base */ = {isa = PBXFileReference; lastKnownFileType = file.storyboard; name = Base; path = Base.lproj/Main.storyboard; sourceTree = "<group>"; };
		E3D885982353278E00CCEC92 /* Assets.xcassets */ = {isa = PBXFileReference; lastKnownFileType = folder.assetcatalog; path = Assets.xcassets; sourceTree = "<group>"; };
		E3D8859B2353278E00CCEC92 /* Base */ = {isa = PBXFileReference; lastKnownFileType = file.storyboard; name = Base; path = Base.lproj/LaunchScreen.storyboard; sourceTree = "<group>"; };
		E3D8859D2353278E00CCEC92 /* Info.plist */ = {isa = PBXFileReference; lastKnownFileType = text.plist.xml; path = Info.plist; sourceTree = "<group>"; };
/* End PBXFileReference section */

/* Begin PBXFrameworksBuildPhase section */
		E3D885892353278A00CCEC92 /* Frameworks */ = {
			isa = PBXFrameworksBuildPhase;
			buildActionMask = 2147483647;
			files = (
			);
			runOnlyForDeploymentPostprocessing = 0;
		};
/* End PBXFrameworksBuildPhase section */

/* Begin PBXGroup section */
		5025FE892355F65D0046261E /* Model */ = {
			isa = PBXGroup;
			children = (
				5025FE8A2355F6970046261E /* User.swift */,
			);
			path = Model;
			sourceTree = "<group>";
		};
		5025FE8C2355FACE0046261E /* Controller */ = {
			isa = PBXGroup;
			children = (
				5025FE8D2355FAE70046261E /* APIController.swift */,
				5025FE8F2355FC6A0046261E /* APIIntraDelegate.swift */,
			);
			path = Controller;
			sourceTree = "<group>";
		};
		E3D885832353278A00CCEC92 = {
			isa = PBXGroup;
			children = (
				E3D8858E2353278A00CCEC92 /* rush00 */,
				E3D8858D2353278A00CCEC92 /* Products */,
			);
			sourceTree = "<group>";
		};
		E3D8858D2353278A00CCEC92 /* Products */ = {
			isa = PBXGroup;
			children = (
				E3D8858C2353278A00CCEC92 /* rush00.app */,
			);
			name = Products;
			sourceTree = "<group>";
		};
		E3D8858E2353278A00CCEC92 /* rush00 */ = {
			isa = PBXGroup;
			children = (
				E3D8858F2353278A00CCEC92 /* AppDelegate.swift */,
				E3D885912353278A00CCEC92 /* SceneDelegate.swift */,
				E3D885932353278A00CCEC92 /* ViewController.swift */,
				5025FE8C2355FACE0046261E /* Controller */,
				5025FE892355F65D0046261E /* Model */,
				E3D885952353278A00CCEC92 /* Main.storyboard */,
				E3D885982353278E00CCEC92 /* Assets.xcassets */,
				E3D8859A2353278E00CCEC92 /* LaunchScreen.storyboard */,
				E3D8859D2353278E00CCEC92 /* Info.plist */,
			);
			path = rush00;
			sourceTree = "<group>";
		};
/* End PBXGroup section */

/* Begin PBXNativeTarget section */
		E3D8858B2353278A00CCEC92 /* rush00 */ = {
			isa = PBXNativeTarget;
			buildConfigurationList = E3D885A02353278E00CCEC92 /* Build configuration list for PBXNativeTarget "rush00" */;
			buildPhases = (
				E3D885882353278A00CCEC92 /* Sources */,
				E3D885892353278A00CCEC92 /* Frameworks */,
				E3D8858A2353278A00CCEC92 /* Resources */,
			);
			buildRules = (
			);
			dependencies = (
			);
			name = rush00;
			productName = rush00;
			productReference = E3D8858C2353278A00CCEC92 /* rush00.app */;
			productType = "com.apple.product-type.application";
		};
/* End PBXNativeTarget section */

/* Begin PBXProject section */
		E3D885842353278A00CCEC92 /* Project object */ = {
			isa = PBXProject;
			attributes = {
				LastSwiftUpdateCheck = 1110;
				LastUpgradeCheck = 1110;
				ORGANIZATIONNAME = "Murray MACDONALD";
				TargetAttributes = {
					E3D8858B2353278A00CCEC92 = {
						CreatedOnToolsVersion = 11.1;
					};
				};
			};
			buildConfigurationList = E3D885872353278A00CCEC92 /* Build configuration list for PBXProject "rush00" */;
			compatibilityVersion = "Xcode 9.3";
			developmentRegion = en;
			hasScannedForEncodings = 0;
			knownRegions = (
				en,
				Base,
			);
			mainGroup = E3D885832353278A00CCEC92;
			productRefGroup = E3D8858D2353278A00CCEC92 /* Products */;
			projectDirPath = "";
			projectRoot = "";
			targets = (
				E3D8858B2353278A00CCEC92 /* rush00 */,
			);
		};
/* End PBXProject section */

/* Begin PBXResourcesBuildPhase section */
		E3D8858A2353278A00CCEC92 /* Resources */ = {
			isa = PBXResourcesBuildPhase;
			buildActionMask = 2147483647;
			files = (
				E3D8859C2353278E00CCEC92 /* LaunchScreen.storyboard in Resources */,
				E3D885992353278E00CCEC92 /* Assets.xcassets in Resources */,
				E3D885972353278A00CCEC92 /* Main.storyboard in Resources */,
			);
			runOnlyForDeploymentPostprocessing = 0;
		};
/* End PBXResourcesBuildPhase section */

/* Begin PBXSourcesBuildPhase section */
		E3D885882353278A00CCEC92 /* Sources */ = {
			isa = PBXSourcesBuildPhase;
			buildActionMask = 2147483647;
			files = (
				5025FE8B2355F6970046261E /* User.swift in Sources */,
				E3D885942353278A00CCEC92 /* ViewController.swift in Sources */,
				5025FE902355FC6A0046261E /* APIIntraDelegate.swift in Sources */,
				E3D885902353278A00CCEC92 /* AppDelegate.swift in Sources */,
				E3D885922353278A00CCEC92 /* SceneDelegate.swift in Sources */,
				5025FE8E2355FAE70046261E /* APIController.swift in Sources */,
			);
			runOnlyForDeploymentPostprocessing = 0;
		};
/* End PBXSourcesBuildPhase section */

/* Begin PBXVariantGroup section */
		E3D885952353278A00CCEC92 /* Main.storyboard */ = {
			isa = PBXVariantGroup;
			children = (
				E3D885962353278A00CCEC92 /* Base */,
			);
			name = Main.storyboard;
			sourceTree = "<group>";
		};
		E3D8859A2353278E00CCEC92 /* LaunchScreen.storyboard */ = {
			isa = PBXVariantGroup;
			children = (
				E3D8859B2353278E00CCEC92 /* Base */,
			);
			name = LaunchScreen.storyboard;
			sourceTree = "<group>";
		};
/* End PBXVariantGroup section */

/* Begin XCBuildConfiguration section */
		E3D8859E2353278E00CCEC92 /* Debug */ = {
			isa = XCBuildConfiguration;
			buildSettings = {
				ALWAYS_SEARCH_USER_PATHS = NO;
				CLANG_ANALYZER_NONNULL = YES;
				CLANG_ANALYZER_NUMBER_OBJECT_CONVERSION = YES_AGGRESSIVE;
				CLANG_CXX_LANGUAGE_STANDARD = "gnu++14";
				CLANG_CXX_LIBRARY = "libc++";
				CLANG_ENABLE_MODULES = YES;
				CLANG_ENABLE_OBJC_ARC = YES;
				CLANG_ENABLE_OBJC_WEAK = YES;
				CLANG_WARN_BLOCK_CAPTURE_AUTORELEASING = YES;
				CLANG_WARN_BOOL_CONVERSION = YES;
				CLANG_WARN_COMMA = YES;
				CLANG_WARN_CONSTANT_CONVERSION = YES;
				CLANG_WARN_DEPRECATED_OBJC_IMPLEMENTATIONS = YES;
				CLANG_WARN_DIRECT_OBJC_ISA_USAGE = YES_ERROR;
				CLANG_WARN_DOCUMENTATION_COMMENTS = YES;
				CLANG_WARN_EMPTY_BODY = YES;
				CLANG_WARN_ENUM_CONVERSION = YES;
				CLANG_WARN_INFINITE_RECURSION = YES;
				CLANG_WARN_INT_CONVERSION = YES;
				CLANG_WARN_NON_LITERAL_NULL_CONVERSION = YES;
				CLANG_WARN_OBJC_IMPLICIT_RETAIN_SELF = YES;
				CLANG_WARN_OBJC_LITERAL_CONVERSION = YES;
				CLANG_WARN_OBJC_ROOT_CLASS = YES_ERROR;
				CLANG_WARN_RANGE_LOOP_ANALYSIS = YES;
				CLANG_WARN_STRICT_PROTOTYPES = YES;
				CLANG_WARN_SUSPICIOUS_MOVE = YES;
				CLANG_WARN_UNGUARDED_AVAILABILITY = YES_AGGRESSIVE;
				CLANG_WARN_UNREACHABLE_CODE = YES;
				CLANG_WARN__DUPLICATE_METHOD_MATCH = YES;
				COPY_PHASE_STRIP = NO;
				DEBUG_INFORMATION_FORMAT = dwarf;
				ENABLE_STRICT_OBJC_MSGSEND = YES;
				ENABLE_TESTABILITY = YES;
				GCC_C_LANGUAGE_STANDARD = gnu11;
				GCC_DYNAMIC_NO_PIC = NO;
				GCC_NO_COMMON_BLOCKS = YES;
				GCC_OPTIMIZATION_LEVEL = 0;
				GCC_PREPROCESSOR_DEFINITIONS = (
					"DEBUG=1",
					"$(inherited)",
				);
				GCC_WARN_64_TO_32_BIT_CONVERSION = YES;
				GCC_WARN_ABOUT_RETURN_TYPE = YES_ERROR;
				GCC_WARN_UNDECLARED_SELECTOR = YES;
				GCC_WARN_UNINITIALIZED_AUTOS = YES_AGGRESSIVE;
				GCC_WARN_UNUSED_FUNCTION = YES;
				GCC_WARN_UNUSED_VARIABLE = YES;
				IPHONEOS_DEPLOYMENT_TARGET = 13.1;
				MTL_ENABLE_DEBUG_INFO = INCLUDE_SOURCE;
				MTL_FAST_MATH = YES;
				ONLY_ACTIVE_ARCH = YES;
				SDKROOT = iphoneos;
				SWIFT_ACTIVE_COMPILATION_CONDITIONS = DEBUG;
				SWIFT_OPTIMIZATION_LEVEL = "-Onone";
			};
			name = Debug;
		};
		E3D8859F2353278E00CCEC92 /* Release */ = {
			isa = XCBuildConfiguration;
			buildSettings = {
				ALWAYS_SEARCH_USER_PATHS = NO;
				CLANG_ANALYZER_NONNULL = YES;
				CLANG_ANALYZER_NUMBER_OBJECT_CONVERSION = YES_AGGRESSIVE;
				CLANG_CXX_LANGUAGE_STANDARD = "gnu++14";
				CLANG_CXX_LIBRARY = "libc++";
				CLANG_ENABLE_MODULES = YES;
				CLANG_ENABLE_OBJC_ARC = YES;
				CLANG_ENABLE_OBJC_WEAK = YES;
				CLANG_WARN_BLOCK_CAPTURE_AUTORELEASING = YES;
				CLANG_WARN_BOOL_CONVERSION = YES;
				CLANG_WARN_COMMA = YES;
				CLANG_WARN_CONSTANT_CONVERSION = YES;
				CLANG_WARN_DEPRECATED_OBJC_IMPLEMENTATIONS = YES;
				CLANG_WARN_DIRECT_OBJC_ISA_USAGE = YES_ERROR;
				CLANG_WARN_DOCUMENTATION_COMMENTS = YES;
				CLANG_WARN_EMPTY_BODY = YES;
				CLANG_WARN_ENUM_CONVERSION = YES;
				CLANG_WARN_INFINITE_RECURSION = YES;
				CLANG_WARN_INT_CONVERSION = YES;
				CLANG_WARN_NON_LITERAL_NULL_CONVERSION = YES;
				CLANG_WARN_OBJC_IMPLICIT_RETAIN_SELF = YES;
				CLANG_WARN_OBJC_LITERAL_CONVERSION = YES;
				CLANG_WARN_OBJC_ROOT_CLASS = YES_ERROR;
				CLANG_WARN_RANGE_LOOP_ANALYSIS = YES;
				CLANG_WARN_STRICT_PROTOTYPES = YES;
				CLANG_WARN_SUSPICIOUS_MOVE = YES;
				CLANG_WARN_UNGUARDED_AVAILABILITY = YES_AGGRESSIVE;
				CLANG_WARN_UNREACHABLE_CODE = YES;
				CLANG_WARN__DUPLICATE_METHOD_MATCH = YES;
				COPY_PHASE_STRIP = NO;
				DEBUG_INFORMATION_FORMAT = "dwarf-with-dsym";
				ENABLE_NS_ASSERTIONS = NO;
				ENABLE_STRICT_OBJC_MSGSEND = YES;
				GCC_C_LANGUAGE_STANDARD = gnu11;
				GCC_NO_COMMON_BLOCKS = YES;
				GCC_WARN_64_TO_32_BIT_CONVERSION = YES;
				GCC_WARN_ABOUT_RETURN_TYPE = YES_ERROR;
				GCC_WARN_UNDECLARED_SELECTOR = YES;
				GCC_WARN_UNINITIALIZED_AUTOS = YES_AGGRESSIVE;
				GCC_WARN_UNUSED_FUNCTION = YES;
				GCC_WARN_UNUSED_VARIABLE = YES;
				IPHONEOS_DEPLOYMENT_TARGET = 13.1;
				MTL_ENABLE_DEBUG_INFO = NO;
				MTL_FAST_MATH = YES;
				SDKROOT = iphoneos;
				SWIFT_COMPILATION_MODE = wholemodule;
				SWIFT_OPTIMIZATION_LEVEL = "-O";
				VALIDATE_PRODUCT = YES;
			};
			name = Release;
		};
		E3D885A12353278E00CCEC92 /* Debug */ = {
			isa = XCBuildConfiguration;
			buildSettings = {
				ASSETCATALOG_COMPILER_APPICON_NAME = AppIcon;
				CODE_SIGN_STYLE = Automatic;
				INFOPLIST_FILE = rush00/Info.plist;
				LD_RUNPATH_SEARCH_PATHS = (
					"$(inherited)",
					"@executable_path/Frameworks",
				);
				PRODUCT_BUNDLE_IDENTIFIER = wtc.rush00;
				PRODUCT_NAME = "$(TARGET_NAME)";
				SWIFT_VERSION = 5.0;
				TARGETED_DEVICE_FAMILY = "1,2";
			};
			name = Debug;
		};
		E3D885A22353278E00CCEC92 /* Release */ = {
			isa = XCBuildConfiguration;
			buildSettings = {
				ASSETCATALOG_COMPILER_APPICON_NAME = AppIcon;
				CODE_SIGN_STYLE = Automatic;
				INFOPLIST_FILE = rush00/Info.plist;
				LD_RUNPATH_SEARCH_PATHS = (
					"$(inherited)",
					"@executable_path/Frameworks",
				);
				PRODUCT_BUNDLE_IDENTIFIER = wtc.rush00;
				PRODUCT_NAME = "$(TARGET_NAME)";
				SWIFT_VERSION = 5.0;
				TARGETED_DEVICE_FAMILY = "1,2";
			};
			name = Release;
		};
/* End XCBuildConfiguration section */

/* Begin XCConfigurationList section */
		E3D885872353278A00CCEC92 /* Build configuration list for PBXProject "rush00" */ = {
			isa = XCConfigurationList;
			buildConfigurations = (
				E3D8859E2353278E00CCEC92 /* Debug */,
				E3D8859F2353278E00CCEC92 /* Release */,
			);
			defaultConfigurationIsVisible = 0;
			defaultConfigurationName = Release;
		};
		E3D885A02353278E00CCEC92 /* Build configuration list for PBXNativeTarget "rush00" */ = {
			isa = XCConfigurationList;
			buildConfigurations = (
				E3D885A12353278E00CCEC92 /* Debug */,
				E3D885A22353278E00CCEC92 /* Release */,
			);
			defaultConfigurationIsVisible = 0;
			defaultConfigurationName = Release;
		};
/* End XCConfigurationList section */
	};
	rootObject = E3D885842353278A00CCEC92 /* Project object */;
}
